
Microsoft Visual Studio Solution File, Format Version 12.00
# Visual Studio Version 16
VisualStudioVersion = 16.0.31702.278
MinimumVisualStudioVersion = 10.0.40219.1
Project("{FAE04EC0-301F-11D3-BF4B-00C04F79EFBC}") = "PathMaker", "PathMaker\PathMaker.csproj", "{8F93F7EC-C763-48F9-918F-1F26DBB8852F}"
EndProject
Global
	GlobalSection(SolutionConfigurationPlatforms) = preSolution
		Debug|Any CPU = Debug|Any CPU
		Release|Any CPU = Release|Any CPU
	EndGlobalSection
	GlobalSection(ProjectConfigurationPlatforms) = postSolution
		{8F93F7EC-C763-48F9-918F-1F26DBB8852F}.Debug|Any CPU.ActiveCfg = Debug|Any CPU
		{8F93F7EC-C763-48F9-918F-1F26DBB8852F}.Debug|Any CPU.Build.0 = Debug|Any CPU
		{8F93F7EC-C763-48F9-918F-1F26DBB8852F}.Release|Any CPU.ActiveCfg = Release|Any CPU
		{8F93F7EC-C763-48F9-918F-1F26DBB8852F}.Release|Any CPU.Build.0 = Release|Any CPU
	EndGlobalSection
	GlobalSection(SolutionProperties) = preSolution
		HideSolutionNode = FALSE
	EndGlobalSection
	GlobalSection(ExtensibilityGlobals) = postSolution
		SolutionGuid = {F99D9ABF-61E7-4814-B2D4-69EE7289E46A}
	EndGlobalSection
EndGlobal
