
Microsoft Visual Studio Solution File, Format Version 12.00
# Visual Studio Version 16
VisualStudioVersion = 16.0.29728.190
MinimumVisualStudioVersion = 10.0.40219.1
Project("{9A19103F-16F7-4668-BE54-9A1E7A4F7556}") = "Libs", "Libs\Libs.csproj", "{277C93F8-DF2B-49B8-8A1C-1A64EB347B90}"
EndProject
Project("{9A19103F-16F7-4668-BE54-9A1E7A4F7556}") = "Powershell", "CoreWowBot\Powershell.csproj", "{3D7C0716-FD02-4E3A-8D97-D9530DF7DBD9}"
EndProject
Project("{9A19103F-16F7-4668-BE54-9A1E7A4F7556}") = "UnitTests", "UnitTests\UnitTests.csproj", "{E37B9CA5-4DF7-43A6-B048-834E7D76D708}"
EndProject
Global
	GlobalSection(SolutionConfigurationPlatforms) = preSolution
		Debug|Any CPU = Debug|Any CPU
		Release|Any CPU = Release|Any CPU
	EndGlobalSection
	GlobalSection(ProjectConfigurationPlatforms) = postSolution
		{277C93F8-DF2B-49B8-8A1C-1A64EB347B90}.Debug|Any CPU.ActiveCfg = Debug|Any CPU
		{277C93F8-DF2B-49B8-8A1C-1A64EB347B90}.Debug|Any CPU.Build.0 = Debug|Any CPU
		{277C93F8-DF2B-49B8-8A1C-1A64EB347B90}.Release|Any CPU.ActiveCfg = Release|Any CPU
		{277C93F8-DF2B-49B8-8A1C-1A64EB347B90}.Release|Any CPU.Build.0 = Release|Any CPU
		{3D7C0716-FD02-4E3A-8D97-D9530DF7DBD9}.Debug|Any CPU.ActiveCfg = Debug|Any CPU
		{3D7C0716-FD02-4E3A-8D97-D9530DF7DBD9}.Debug|Any CPU.Build.0 = Debug|Any CPU
		{3D7C0716-FD02-4E3A-8D97-D9530DF7DBD9}.Release|Any CPU.ActiveCfg = Release|Any CPU
		{3D7C0716-FD02-4E3A-8D97-D9530DF7DBD9}.Release|Any CPU.Build.0 = Release|Any CPU
		{E37B9CA5-4DF7-43A6-B048-834E7D76D708}.Debug|Any CPU.ActiveCfg = Debug|Any CPU
		{E37B9CA5-4DF7-43A6-B048-834E7D76D708}.Debug|Any CPU.Build.0 = Debug|Any CPU
		{E37B9CA5-4DF7-43A6-B048-834E7D76D708}.Release|Any CPU.ActiveCfg = Release|Any CPU
		{E37B9CA5-4DF7-43A6-B048-834E7D76D708}.Release|Any CPU.Build.0 = Release|Any CPU
	EndGlobalSection
	GlobalSection(SolutionProperties) = preSolution
		HideSolutionNode = FALSE
	EndGlobalSection
	GlobalSection(ExtensibilityGlobals) = postSolution
		SolutionGuid = {9395D174-0646-43EF-9C91-A7EED7678BA4}
	EndGlobalSection
EndGlobal
