
Microsoft Visual Studio Solution File, Format Version 12.00
# Visual Studio Version 16
VisualStudioVersion = 16.0.30002.166
MinimumVisualStudioVersion = 10.0.40219.1
Project("{9A19103F-16F7-4668-BE54-9A1E7A4F7556}") = "ReadWowDb", "ConsoleApp10\ReadWowDb.csproj", "{540D50EC-1D1B-480A-A2E4-70FB32F0B78A}"
EndProject
Global
	GlobalSection(SolutionConfigurationPlatforms) = preSolution
		Debug|Any CPU = Debug|Any CPU
		Release|Any CPU = Release|Any CPU
	EndGlobalSection
	GlobalSection(ProjectConfigurationPlatforms) = postSolution
		{540D50EC-1D1B-480A-A2E4-70FB32F0B78A}.Debug|Any CPU.ActiveCfg = Debug|Any CPU
		{540D50EC-1D1B-480A-A2E4-70FB32F0B78A}.Debug|Any CPU.Build.0 = Debug|Any CPU
		{540D50EC-1D1B-480A-A2E4-70FB32F0B78A}.Release|Any CPU.ActiveCfg = Release|Any CPU
		{540D50EC-1D1B-480A-A2E4-70FB32F0B78A}.Release|Any CPU.Build.0 = Release|Any CPU
	EndGlobalSection
	GlobalSection(SolutionProperties) = preSolution
		HideSolutionNode = FALSE
	EndGlobalSection
	GlobalSection(ExtensibilityGlobals) = postSolution
		SolutionGuid = {8AEA22A6-C453-4A88-BBB3-6E5CF983409B}
	EndGlobalSection
EndGlobal
