
Microsoft Visual Studio Solution File, Format Version 12.00
# Visual Studio Version 16
VisualStudioVersion = 16.0.29728.190
MinimumVisualStudioVersion = 10.0.40219.1
Project("{9A19103F-16F7-4668-BE54-9A1E7A4F7556}") = "ImageFilter", "ImageFilter\ImageFilter.csproj", "{76533530-0D0C-4432-8FD2-D8D1DAE02510}"
EndProject
Project("{9A19103F-16F7-4668-BE54-9A1E7A4F7556}") = "SharedLib", "..\..\SharedLib\SharedLib.csproj", "{693AD876-5A9D-45E5-8789-A51564E9BBA4}"
EndProject
Global
	GlobalSection(SolutionConfigurationPlatforms) = preSolution
		Debug|Any CPU = Debug|Any CPU
		Release|Any CPU = Release|Any CPU
	EndGlobalSection
	GlobalSection(ProjectConfigurationPlatforms) = postSolution
		{76533530-0D0C-4432-8FD2-D8D1DAE02510}.Debug|Any CPU.ActiveCfg = Debug|Any CPU
		{76533530-0D0C-4432-8FD2-D8D1DAE02510}.Debug|Any CPU.Build.0 = Debug|Any CPU
		{76533530-0D0C-4432-8FD2-D8D1DAE02510}.Release|Any CPU.ActiveCfg = Release|Any CPU
		{76533530-0D0C-4432-8FD2-D8D1DAE02510}.Release|Any CPU.Build.0 = Release|Any CPU
		{693AD876-5A9D-45E5-8789-A51564E9BBA4}.Debug|Any CPU.ActiveCfg = Debug|Any CPU
		{693AD876-5A9D-45E5-8789-A51564E9BBA4}.Debug|Any CPU.Build.0 = Debug|Any CPU
		{693AD876-5A9D-45E5-8789-A51564E9BBA4}.Release|Any CPU.ActiveCfg = Release|Any CPU
		{693AD876-5A9D-45E5-8789-A51564E9BBA4}.Release|Any CPU.Build.0 = Release|Any CPU
	EndGlobalSection
	GlobalSection(SolutionProperties) = preSolution
		HideSolutionNode = FALSE
	EndGlobalSection
	GlobalSection(ExtensibilityGlobals) = postSolution
		SolutionGuid = {E0CC61D8-0EFA-45AA-A3FA-6CFE6CC58A4F}
	EndGlobalSection
EndGlobal
